
Microsoft Visual Studio Solution File, Format Version 12.00
# Visual Studio Version 17
VisualStudioVersion = 17.7.34031.279
MinimumVisualStudioVersion = 10.0.40219.1
Project("{9A19103F-16F7-4668-BE54-9A1E7A4F7556}") = "DeadIt", "DeadIt\DeadIt.csproj", "{4E685EE1-94F6-46CC-8167-805097FB4832}"
EndProject
Project("{E24C65DC-7377-472B-9ABA-BC803B73C61A}") = "dead-it-react-app(1)", "dead-it-react-app\", "{A8ABD9A8-AA82-4E8E-A7BE-2EAD877014B9}"
	ProjectSection(WebsiteProperties) = preProject
		TargetFrameworkMoniker = ".NETFramework,Version%3Dv4.8"
		Debug.AspNetCompiler.VirtualPath = "/localhost_54787"
		Debug.AspNetCompiler.PhysicalPath = "dead-it-react-app\"
		Debug.AspNetCompiler.TargetPath = "PrecompiledWeb\localhost_54787\"
		Debug.AspNetCompiler.Updateable = "true"
		Debug.AspNetCompiler.ForceOverwrite = "true"
		Debug.AspNetCompiler.FixedNames = "false"
		Debug.AspNetCompiler.Debug = "True"
		Release.AspNetCompiler.VirtualPath = "/localhost_54787"
		Release.AspNetCompiler.PhysicalPath = "dead-it-react-app\"
		Release.AspNetCompiler.TargetPath = "PrecompiledWeb\localhost_54787\"
		Release.AspNetCompiler.Updateable = "true"
		Release.AspNetCompiler.ForceOverwrite = "true"
		Release.AspNetCompiler.FixedNames = "false"
		Release.AspNetCompiler.Debug = "False"
		VWDPort = "54787"
		SlnRelativePath = "dead-it-react-app\"
	EndProjectSection
EndProject
Project("{FAE04EC0-301F-11D3-BF4B-00C04F79EFBC}") = "DeatIt-CreationContentService", "DeatIt-CreationContentService\DeatIt-CreationContentService.csproj", "{ECD1215F-777B-4393-9E72-6F0CB377F798}"
EndProject
Project("{E24C65DC-7377-472B-9ABA-BC803B73C61A}") = "dead-it-content-creation-react-app(1)", "dead-it-content-creation-react-app\", "{5005ECC2-BD73-4C22-B6B2-24E33DC88CED}"
	ProjectSection(WebsiteProperties) = preProject
		TargetFrameworkMoniker = ".NETFramework,Version%3Dv4.8"
		Debug.AspNetCompiler.VirtualPath = "/localhost_49529"
		Debug.AspNetCompiler.PhysicalPath = "dead-it-content-creation-react-app\"
		Debug.AspNetCompiler.TargetPath = "PrecompiledWeb\localhost_49529\"
		Debug.AspNetCompiler.Updateable = "true"
		Debug.AspNetCompiler.ForceOverwrite = "true"
		Debug.AspNetCompiler.FixedNames = "false"
		Debug.AspNetCompiler.Debug = "True"
		Release.AspNetCompiler.VirtualPath = "/localhost_49529"
		Release.AspNetCompiler.PhysicalPath = "dead-it-content-creation-react-app\"
		Release.AspNetCompiler.TargetPath = "PrecompiledWeb\localhost_49529\"
		Release.AspNetCompiler.Updateable = "true"
		Release.AspNetCompiler.ForceOverwrite = "true"
		Release.AspNetCompiler.FixedNames = "false"
		Release.AspNetCompiler.Debug = "False"
		VWDPort = "49529"
		SlnRelativePath = "dead-it-content-creation-react-app\"
	EndProjectSection
EndProject
Global
	GlobalSection(SolutionConfigurationPlatforms) = preSolution
		Debug|Any CPU = Debug|Any CPU
		Release|Any CPU = Release|Any CPU
	EndGlobalSection
	GlobalSection(ProjectConfigurationPlatforms) = postSolution
		{4E685EE1-94F6-46CC-8167-805097FB4832}.Debug|Any CPU.ActiveCfg = Debug|Any CPU
		{4E685EE1-94F6-46CC-8167-805097FB4832}.Debug|Any CPU.Build.0 = Debug|Any CPU
		{4E685EE1-94F6-46CC-8167-805097FB4832}.Release|Any CPU.ActiveCfg = Release|Any CPU
		{4E685EE1-94F6-46CC-8167-805097FB4832}.Release|Any CPU.Build.0 = Release|Any CPU
		{A8ABD9A8-AA82-4E8E-A7BE-2EAD877014B9}.Debug|Any CPU.ActiveCfg = Debug|Any CPU
		{A8ABD9A8-AA82-4E8E-A7BE-2EAD877014B9}.Debug|Any CPU.Build.0 = Debug|Any CPU
		{A8ABD9A8-AA82-4E8E-A7BE-2EAD877014B9}.Release|Any CPU.ActiveCfg = Debug|Any CPU
		{A8ABD9A8-AA82-4E8E-A7BE-2EAD877014B9}.Release|Any CPU.Build.0 = Debug|Any CPU
		{ECD1215F-777B-4393-9E72-6F0CB377F798}.Debug|Any CPU.ActiveCfg = Debug|Any CPU
		{ECD1215F-777B-4393-9E72-6F0CB377F798}.Debug|Any CPU.Build.0 = Debug|Any CPU
		{ECD1215F-777B-4393-9E72-6F0CB377F798}.Release|Any CPU.ActiveCfg = Release|Any CPU
		{ECD1215F-777B-4393-9E72-6F0CB377F798}.Release|Any CPU.Build.0 = Release|Any CPU
		{5005ECC2-BD73-4C22-B6B2-24E33DC88CED}.Debug|Any CPU.ActiveCfg = Debug|Any CPU
		{5005ECC2-BD73-4C22-B6B2-24E33DC88CED}.Debug|Any CPU.Build.0 = Debug|Any CPU
		{5005ECC2-BD73-4C22-B6B2-24E33DC88CED}.Release|Any CPU.ActiveCfg = Debug|Any CPU
		{5005ECC2-BD73-4C22-B6B2-24E33DC88CED}.Release|Any CPU.Build.0 = Debug|Any CPU
	EndGlobalSection
	GlobalSection(SolutionProperties) = preSolution
		HideSolutionNode = FALSE
	EndGlobalSection
	GlobalSection(ExtensibilityGlobals) = postSolution
		SolutionGuid = {D7C3886B-9363-40A4-B3F7-52E8455E14DE}
	EndGlobalSection
EndGlobal
